{
  "R": {
    "Version": "4.3.1",
    "Repositories": [
      {
        "Name": "CRAN",
        "URL": "https://cloud.r-project.org"
      }
    ]
  },
  "Packages": {
    "BH": {
      "Package": "BH",
      "Version": "1.84.0-0",
      "Source": "Repository",
      "Repository": "CRAN",
      "Hash": "a8235afbcd6316e6e91433ea47661013",
      "Requirements": []
    },
    "Biobase": {
      "Package": "Biobase",
      "Version": "2.62.0",
      "Source": "Bioconductor",
      "git_url": "https://git.bioconductor.org/packages/Biobase",
      "git_branch": "RELEASE_3_18",
      "git_last_commit": "8201fbb",
      "git_last_commit_date": "2023-10-24",
      "Hash": "38252a34e82d3ff6bb46b4e2252d2dce",
      "Requirements": [
        "BiocGenerics"
      ]
    },
    "BiocGenerics": {
      "Package": "BiocGenerics",
      "Version": "0.48.1",
      "Source": "Bioconductor",
      "git_url": "https://git.bioconductor.org/packages/BiocGenerics",
      "git_branch": "RELEASE_3_18",
      "git_last_commit": "5fd6dfe",
      "git_last_commit_date": "2023-10-31",
      "Hash": "e34278c65d7dffcc08f737bf0944ca9a",
      "Requirements": []
    },
    "BiocManager": {
      "Package": "BiocManager",
      "Version": "1.30.23",
      "Source": "Repository",
      "Repository": "CRAN",
      "Hash": "47e968dfe563c1b22c2e20a067ec21d5",
      "Requirements": []
    },
    "BiocParallel": {
      "Package": "BiocParallel",
      "Version": "1.36.0",
      "Source": "Bioconductor",
      "git_url": "https://git.bioconductor.org/packages/BiocParallel",
      "git_branch": "RELEASE_3_18",
      "git_last_commit": "ba4ec29",
      "git_last_commit_date": "2023-10-24",
      "Hash": "6d1689ee8b65614ba6ef4012a67b663a",
      "Requirements": [
        "BH",
        "codetools",
        "cpp11",
        "futile.logger",
        "snow"
      ]
    },
    "DelayedArray": {
      "Package": "DelayedArray",
      "Version": "0.28.0",
      "Source": "Bioconductor",
      "git_url": "https://git.bioconductor.org/packages/DelayedArray",
      "git_branch": "RELEASE_3_18",
      "git_last_commit": "4f63877",
      "git_last_commit_date": "2023-10-24",
      "Hash": "0e5c84e543a3d04ce64c6f60ed46d7eb",
      "Requirements": [
        "BiocGenerics",
        "IRanges",
        "Matrix",
        "MatrixGenerics",
        "S4Arrays",
        "S4Vectors",
        "SparseArray"
      ]
    },
    "DelayedMatrixStats": {
      "Package": "DelayedMatrixStats",
      "Version": "1.24.0",
      "Source": "Bioconductor",
      "git_url": "https://git.bioconductor.org/packages/DelayedMatrixStats",
      "git_branch": "RELEASE_3_18",
      "git_last_commit": "8fb9c6e",
      "git_last_commit_date": "2023-10-24",
      "Hash": "71c2d178d33f9d91999f67dc2d53b747",
      "Requirements": [
        "DelayedArray",
        "IRanges",
        "Matrix",
        "MatrixGenerics",
        "S4Vectors",
        "sparseMatrixStats"
      ]
    },
    "GenomeInfoDb": {
      "Package": "GenomeInfoDb",
      "Version": "1.38.8",
      "Source": "Repository",
      "Repository": "Bioconductor 3.18",
      "git_url": "https://git.bioconductor.org/packages/GenomeInfoDb",
      "git_branch": "RELEASE_3_18",
      "git_last_commit": "21c97fc",
      "git_last_commit_date": "2024-03-14",
      "Hash": "155053909d2831bfac154a1118151d6b",
      "Requirements": [
        "BiocGenerics",
        "GenomeInfoDbData",
        "IRanges",
        "RCurl",
        "S4Vectors"
      ]
    },
    "GenomeInfoDbData": {
      "Package": "GenomeInfoDbData",
      "Version": "1.2.11",
      "Source": "Bioconductor",
      "Hash": "10f32956181d1d46bd8402c93ac193e8",
      "Requirements": []
    },
    "GenomicRanges": {
      "Package": "GenomicRanges",
      "Version": "1.54.1",
      "Source": "Bioconductor",
      "git_url": "https://git.bioconductor.org/packages/GenomicRanges",
      "git_branch": "RELEASE_3_18",
      "git_last_commit": "d3dcf9a",
      "git_last_commit_date": "2023-10-27",
      "Hash": "7e0c1399af35369312d9c399454374e8",
      "Requirements": [
        "BiocGenerics",
        "GenomeInfoDb",
        "IRanges",
        "S4Vectors",
        "XVector"
      ]
    },
    "IRanges": {
      "Package": "IRanges",
      "Version": "2.36.0",
      "Source": "Bioconductor",
      "git_url": "https://git.bioconductor.org/packages/IRanges",
      "git_branch": "RELEASE_3_18",
      "git_last_commit": "1dabee3",
      "git_last_commit_date": "2023-10-24",
      "Hash": "f98500eeb93e8a66ad65be955a848595",
      "Requirements": [
        "BiocGenerics",
        "S4Vectors"
      ]
    },
    "MASS": {
      "Package": "MASS",
      "Version": "7.3-60",
      "Source": "Repository",
      "Repository": "CRAN",
      "Hash": "a56a6365b3fa73293ea8d084be0d9bb0",
      "Requirements": []
    },
    "Matrix": {
      "Package": "Matrix",
      "Version": "1.6-5",
      "Source": "Repository",
      "Repository": "CRAN",
      "Hash": "8c7115cd3a0e048bda2a7cd110549f7a",
      "Requirements": [
        "lattice"
      ]
    },
    "MatrixGenerics": {
      "Package": "MatrixGenerics",
      "Version": "1.14.0",
      "Source": "Bioconductor",
      "git_url": "https://git.bioconductor.org/packages/MatrixGenerics",
      "git_branch": "RELEASE_3_18",
      "git_last_commit": "9a52271",
      "git_last_commit_date": "2023-10-24",
      "Hash": "088cd2077b5619fcb7b373b1a45174e7",
      "Requirements": [
        "matrixStats"
      ]
    },
    "R6": {
      "Package": "R6",
      "Version": "2.5.1",
      "Source": "Repository",
      "Repository": "RSPM",
      "Hash": "470851b6d5d0ac559e9d01bb352b4021",
      "Requirements": []
    },
    "RColorBrewer": {
      "Package": "RColorBrewer",
      "Version": "1.1-3",
      "Source": "Repository",
      "Repository": "RSPM",
      "Hash": "45f0398006e83a5b10b72a90663d8d8c",
      "Requirements": []
    },
    "RCurl": {
      "Package": "RCurl",
      "Version": "1.98-1.16",
      "Source": "Repository",
      "Repository": "CRAN",
      "Hash": "ddbdf53d15b47be4407ede6914f56fbb",
      "Requirements": [
        "bitops"
      ]
    },
    "Rcpp": {
      "Package": "Rcpp",
      "Version": "1.0.12",
      "Source": "Repository",
      "Repository": "CRAN",
      "Hash": "5ea2700d21e038ace58269ecdbeb9ec0",
      "Requirements": []
    },
    "RcppCCTZ": {
      "Package": "RcppCCTZ",
      "Version": "0.2.12",
      "Source": "Repository",
      "Repository": "CRAN",
      "Hash": "c856433d58f138d8ade2303ad846405a",
      "Requirements": [
        "Rcpp"
      ]
    },
    "RcppDate": {
      "Package": "RcppDate",
      "Version": "0.0.3",
      "Source": "Repository",
      "Repository": "CRAN",
      "Hash": "08cc427d6fe7a63e604cfa11aad31006",
      "Requirements": []
    },
    "RcppInt64": {
      "Package": "RcppInt64",
      "Version": "0.0.5",
      "Source": "Repository",
      "Repository": "CRAN",
      "Hash": "7ec3ef1bb3681e4b36ffe97c4ec8cba4",
      "Requirements": [
        "Rcpp"
      ]
    },
    "RcppSpdlog": {
      "Package": "RcppSpdlog",
      "Version": "0.0.17",
      "Source": "Repository",
      "Repository": "CRAN",
      "Hash": "5c463bdf920159e34d764d099d93798a",
      "Requirements": [
        "Rcpp"
      ]
    },
    "S4Arrays": {
      "Package": "S4Arrays",
      "Version": "1.2.1",
      "Source": "Repository",
      "Repository": "Bioconductor 3.18",
      "git_url": "https://git.bioconductor.org/packages/S4Arrays",
      "git_branch": "RELEASE_3_18",
      "git_last_commit": "59b8f4e",
      "git_last_commit_date": "2024-03-03",
      "Hash": "3213a9826adb8f48e51af1e7b30fa568",
      "Requirements": [
        "BiocGenerics",
        "IRanges",
        "Matrix",
        "S4Vectors",
        "abind",
        "crayon"
      ]
    },
    "S4Vectors": {
      "Package": "S4Vectors",
      "Version": "0.40.2",
      "Source": "Repository",
      "Repository": "Bioconductor 3.18",
      "git_url": "https://git.bioconductor.org/packages/S4Vectors",
      "git_branch": "RELEASE_3_18",
      "git_last_commit": "8cd5cb3",
      "git_last_commit_date": "2023-11-23",
      "Hash": "1716e201f81ced0f456dd5ec85fe20f8",
      "Requirements": [
        "BiocGenerics"
      ]
    },
    "SingleCellExperiment": {
      "Package": "SingleCellExperiment",
      "Version": "1.24.0",
      "Source": "Bioconductor",
      "git_url": "https://git.bioconductor.org/packages/SingleCellExperiment",
      "git_branch": "RELEASE_3_18",
      "git_last_commit": "2fd8e49",
      "git_last_commit_date": "2023-10-24",
      "Hash": "e21b3571ce76eb4dfe6bf7900960aa6a",
      "Requirements": [
        "BiocGenerics",
        "DelayedArray",
        "GenomicRanges",
        "S4Vectors",
        "SummarizedExperiment"
      ]
    },
    "SparseArray": {
      "Package": "SparseArray",
      "Version": "1.2.4",
      "Source": "Repository",
      "Repository": "Bioconductor 3.18",
      "git_url": "https://git.bioconductor.org/packages/SparseArray",
      "git_branch": "RELEASE_3_18",
      "git_last_commit": "5ece9d3",
      "git_last_commit_date": "2024-02-09",
      "Hash": "391092e7b81373ab624bd6471cebccd4",
      "Requirements": [
        "BiocGenerics",
        "IRanges",
        "Matrix",
        "MatrixGenerics",
        "S4Arrays",
        "S4Vectors",
        "XVector",
        "matrixStats"
      ]
    },
    "SummarizedExperiment": {
      "Package": "SummarizedExperiment",
      "Version": "1.32.0",
      "Source": "Bioconductor",
      "git_url": "https://git.bioconductor.org/packages/SummarizedExperiment",
      "git_branch": "RELEASE_3_18",
      "git_last_commit": "fbea511",
      "git_last_commit_date": "2023-10-24",
      "Hash": "caee529bf9710ff6fe1776612fcaa266",
      "Requirements": [
        "Biobase",
        "BiocGenerics",
        "DelayedArray",
        "GenomeInfoDb",
        "GenomicRanges",
        "IRanges",
        "Matrix",
        "MatrixGenerics",
        "S4Arrays",
        "S4Vectors"
      ]
    },
    "XVector": {
      "Package": "XVector",
      "Version": "0.42.0",
      "Source": "Bioconductor",
      "git_url": "https://git.bioconductor.org/packages/XVector",
      "git_branch": "RELEASE_3_18",
      "git_last_commit": "e2c2897",
      "git_last_commit_date": "2023-10-24",
      "Hash": "65c0b6bca03f88758f86ef0aa18c4873",
      "Requirements": [
        "BiocGenerics",
        "IRanges",
        "S4Vectors",
        "zlibbioc"
      ]
    },
    "abind": {
      "Package": "abind",
      "Version": "1.4-5",
      "Source": "Repository",
      "Repository": "CRAN",
      "Hash": "4f57884290cc75ab22f4af9e9d4ca862",
      "Requirements": []
    },
    "arrow": {
      "Package": "arrow",
      "Version": "16.1.0",
      "Source": "Repository",
      "Repository": "RSPM",
      "Hash": "d9cb18a8fc53895548150650cadde3a6",
      "Requirements": [
        "R6",
        "assertthat",
        "bit64",
        "cpp11",
        "glue",
        "purrr",
        "rlang",
        "tidyselect",
        "vctrs"
      ]
    },
    "askpass": {
      "Package": "askpass",
      "Version": "1.2.0",
      "Source": "Repository",
      "Repository": "CRAN",
      "Hash": "cad6cf7f1d5f6e906700b9d3e718c796",
      "Requirements": [
        "sys"
      ]
    },
    "assertthat": {
      "Package": "assertthat",
      "Version": "0.2.1",
      "Source": "Repository",
      "Repository": "RSPM",
      "Hash": "50c838a310445e954bc13f26f26a6ecf",
      "Requirements": []
    },
    "aws.s3": {
      "Package": "aws.s3",
      "Version": "0.3.21",
      "Source": "Repository",
      "Repository": "CRAN",
      "Hash": "a0b873f71741bba67e3bc128d8f09fe3",
      "Requirements": [
        "aws.signature",
        "base64enc",
        "curl",
        "digest",
        "httr",
        "xml2"
      ]
    },
    "aws.signature": {
      "Package": "aws.signature",
      "Version": "0.6.0",
      "Source": "Repository",
      "Repository": "CRAN",
      "Hash": "0006bcef272aad12f78dd5a85fc7f4fc",
      "Requirements": [
        "base64enc",
        "digest"
      ]
    },
    "base64enc": {
      "Package": "base64enc",
      "Version": "0.1-3",
      "Source": "Repository",
      "Repository": "RSPM",
      "Hash": "543776ae6848fde2f48ff3816d0628bc",
      "Requirements": []
    },
    "beachmat": {
      "Package": "beachmat",
      "Version": "2.18.1",
      "Source": "Repository",
      "Repository": "Bioconductor 3.18",
      "git_url": "https://git.bioconductor.org/packages/beachmat",
      "git_branch": "RELEASE_3_18",
      "git_last_commit": "39ef12f",
      "git_last_commit_date": "2024-01-22",
      "Hash": "c1c423ca7149d9e7f55d1e609342c2bd",
      "Requirements": [
        "BiocGenerics",
        "DelayedArray",
        "Matrix",
        "Rcpp",
        "SparseArray"
      ]
    },
    "bit": {
      "Package": "bit",
      "Version": "4.0.5",
      "Source": "Repository",
      "Repository": "RSPM",
      "Hash": "d242abec29412ce988848d0294b208fd",
      "Requirements": []
    },
    "bit64": {
      "Package": "bit64",
      "Version": "4.0.5",
      "Source": "Repository",
      "Repository": "RSPM",
      "Hash": "9fe98599ca456d6552421db0d6772d8f",
      "Requirements": [
        "bit"
      ]
    },
    "bitops": {
      "Package": "bitops",
      "Version": "1.0-7",
      "Source": "Repository",
      "Repository": "CRAN",
      "Hash": "b7d8d8ee39869c18d8846a184dd8a1af",
      "Requirements": []
    },
    "bslib": {
      "Package": "bslib",
      "Version": "0.7.0",
      "Source": "Repository",
      "Repository": "CRAN",
      "Hash": "8644cc53f43828f19133548195d7e59e",
      "Requirements": [
        "base64enc",
        "cachem",
        "fastmap",
        "htmltools",
        "jquerylib",
        "jsonlite",
        "lifecycle",
        "memoise",
        "mime",
        "rlang",
        "sass"
      ]
    },
    "cachem": {
      "Package": "cachem",
      "Version": "1.1.0",
      "Source": "Repository",
      "Repository": "CRAN",
      "Hash": "cd9a672193789068eb5a2aad65a0dedf",
      "Requirements": [
        "fastmap",
        "rlang"
      ]
    },
    "cellxgene.census": {
      "Package": "cellxgene.census",
      "Version": "1.15.0",
      "Source": "Repository",
      "Repository": "https://chanzuckerberg.r-universe.dev",
      "OS_type": "unix",
      "RemoteUrl": "https://github.com/chanzuckerberg/cellxgene-census",
      "RemoteRef": "v1.15.0",
      "RemoteSha": "3d1162b3a544ffe024635d0af3624f85f6e74a1c",
      "Hash": "6f11335311c886cfb58e15c5c08590bc",
      "Requirements": [
        "aws.s3",
        "dplyr",
        "httr",
        "jsonlite",
        "tiledb",
        "tiledbsoma"
      ]
    },
    "cli": {
      "Package": "cli",
      "Version": "3.6.3",
      "Source": "Repository",
      "Repository": "RSPM",
      "Hash": "b21916dd77a27642b447374a5d30ecf3",
      "Requirements": []
    },
    "codetools": {
      "Package": "codetools",
      "Version": "0.2-20",
      "Source": "Repository",
      "Repository": "CRAN",
      "Hash": "61e097f35917d342622f21cdc79c256e",
      "Requirements": []
    },
    "colorspace": {
      "Package": "colorspace",
      "Version": "2.1-0",
      "Source": "Repository",
      "Repository": "RSPM",
      "Hash": "f20c47fd52fae58b4e377c37bb8c335b",
      "Requirements": []
    },
    "cpp11": {
      "Package": "cpp11",
      "Version": "0.4.7",
      "Source": "Repository",
      "Repository": "RSPM",
      "Hash": "5a295d7d963cc5035284dcdbaf334f4e",
      "Requirements": []
    },
    "crayon": {
      "Package": "crayon",
      "Version": "1.5.3",
      "Source": "Repository",
      "Repository": "CRAN",
      "Hash": "859d96e65ef198fd43e82b9628d593ef",
      "Requirements": []
    },
    "curl": {
      "Package": "curl",
      "Version": "5.2.1",
      "Source": "Repository",
      "Repository": "CRAN",
      "Hash": "411ca2c03b1ce5f548345d2fc2685f7a",
      "Requirements": []
    },
    "data.table": {
      "Package": "data.table",
      "Version": "1.15.4",
      "Source": "Repository",
      "Repository": "CRAN",
      "Hash": "8ee9ac56ef633d0c7cab8b2ca87d683e",
      "Requirements": []
    },
    "digest": {
      "Package": "digest",
      "Version": "0.6.36",
      "Source": "Repository",
      "Repository": "RSPM",
      "Hash": "fd6824ad91ede64151e93af67df6376b",
      "Requirements": []
    },
    "dplyr": {
      "Package": "dplyr",
      "Version": "1.1.4",
      "Source": "Repository",
      "Repository": "RSPM",
      "Hash": "fedd9d00c2944ff00a0e2696ccf048ec",
      "Requirements": [
        "R6",
        "cli",
        "generics",
        "glue",
        "lifecycle",
        "magrittr",
        "pillar",
        "rlang",
        "tibble",
        "tidyselect",
        "vctrs"
      ]
    },
    "edgeR": {
      "Package": "edgeR",
      "Version": "4.0.16",
      "Source": "Repository",
      "Repository": "Bioconductor 3.18",
      "git_url": "https://git.bioconductor.org/packages/edgeR",
      "git_branch": "RELEASE_3_18",
      "git_last_commit": "1e37a9b",
      "git_last_commit_date": "2024-02-18",
      "Hash": "a0405c7890708dcb53809d46758800f4",
      "Requirements": [
        "Rcpp",
        "limma",
        "locfit"
      ]
    },
    "evaluate": {
      "Package": "evaluate",
      "Version": "0.24.0",
      "Source": "Repository",
      "Repository": "CRAN",
      "Hash": "a1066cbc05caee9a4bf6d90f194ff4da",
      "Requirements": []
    },
    "fansi": {
      "Package": "fansi",
      "Version": "1.0.6",
      "Source": "Repository",
      "Repository": "RSPM",
      "Hash": "962174cf2aeb5b9eea581522286a911f",
      "Requirements": []
    },
    "farver": {
      "Package": "farver",
      "Version": "2.1.2",
      "Source": "Repository",
      "Repository": "RSPM",
      "Hash": "680887028577f3fa2a81e410ed0d6e42",
      "Requirements": []
    },
    "fastmap": {
      "Package": "fastmap",
      "Version": "1.2.0",
      "Source": "Repository",
      "Repository": "CRAN",
      "Hash": "aa5e1cd11c2d15497494c5292d7ffcc8",
      "Requirements": []
    },
    "fontawesome": {
      "Package": "fontawesome",
      "Version": "0.5.2",
      "Source": "Repository",
      "Repository": "RSPM",
      "Hash": "c2efdd5f0bcd1ea861c2d4e2a883a67d",
      "Requirements": [
        "htmltools",
        "rlang"
      ]
    },
    "formatR": {
      "Package": "formatR",
      "Version": "1.14",
      "Source": "Repository",
      "Repository": "CRAN",
      "Hash": "63cb26d12517c7863f5abb006c5e0f25",
      "Requirements": []
    },
    "fs": {
      "Package": "fs",
      "Version": "1.6.4",
      "Source": "Repository",
      "Repository": "CRAN",
      "Hash": "15aeb8c27f5ea5161f9f6a641fafd93a",
      "Requirements": []
    },
    "futile.logger": {
      "Package": "futile.logger",
      "Version": "1.4.3",
      "Source": "Repository",
      "Repository": "CRAN",
      "Hash": "99f0ace8c05ec7d3683d27083c4f1e7e",
      "Requirements": [
        "futile.options",
        "lambda.r"
      ]
    },
    "futile.options": {
      "Package": "futile.options",
      "Version": "1.0.1",
      "Source": "Repository",
      "Repository": "CRAN",
      "Hash": "0d9bf02413ddc2bbe8da9ce369dcdd2b",
      "Requirements": []
    },
    "generics": {
      "Package": "generics",
      "Version": "0.1.3",
      "Source": "Repository",
      "Repository": "RSPM",
      "Hash": "15e9634c0fcd294799e9b2e929ed1b86",
      "Requirements": []
    },
    "ggplot2": {
      "Package": "ggplot2",
      "Version": "3.5.1",
      "Source": "Repository",
      "Repository": "RSPM",
      "Hash": "44c6a2f8202d5b7e878ea274b1092426",
      "Requirements": [
        "MASS",
        "cli",
        "glue",
        "gtable",
        "isoband",
        "lifecycle",
        "mgcv",
        "rlang",
        "scales",
        "tibble",
        "vctrs",
        "withr"
      ]
    },
    "glue": {
      "Package": "glue",
      "Version": "1.7.0",
      "Source": "Repository",
      "Repository": "CRAN",
      "Hash": "e0b3a53876554bd45879e596cdb10a52",
      "Requirements": []
    },
    "gtable": {
      "Package": "gtable",
      "Version": "0.3.5",
      "Source": "Repository",
      "Repository": "RSPM",
      "Hash": "e18861963cbc65a27736e02b3cd3c4a0",
      "Requirements": [
        "cli",
        "glue",
        "lifecycle",
        "rlang"
      ]
    },
    "highr": {
      "Package": "highr",
      "Version": "0.11",
      "Source": "Repository",
      "Repository": "CRAN",
      "Hash": "d65ba49117ca223614f71b60d85b8ab7",
      "Requirements": [
        "xfun"
      ]
    },
    "htmltools": {
      "Package": "htmltools",
      "Version": "0.5.8.1",
      "Source": "Repository",
      "Repository": "CRAN",
      "Hash": "81d371a9cc60640e74e4ab6ac46dcedc",
      "Requirements": [
        "base64enc",
        "digest",
        "fastmap",
        "rlang"
      ]
    },
    "httr": {
      "Package": "httr",
      "Version": "1.4.7",
      "Source": "Repository",
      "Repository": "CRAN",
      "Hash": "ac107251d9d9fd72f0ca8049988f1d7f",
      "Requirements": [
        "R6",
        "curl",
        "jsonlite",
        "mime",
        "openssl"
      ]
    },
    "isoband": {
      "Package": "isoband",
      "Version": "0.2.7",
      "Source": "Repository",
      "Repository": "RSPM",
      "Hash": "0080607b4a1a7b28979aecef976d8bc2",
      "Requirements": []
    },
    "jquerylib": {
      "Package": "jquerylib",
      "Version": "0.1.4",
      "Source": "Repository",
      "Repository": "RSPM",
      "Hash": "5aab57a3bd297eee1c1d862735972182",
      "Requirements": [
        "htmltools"
      ]
    },
    "jsonlite": {
      "Package": "jsonlite",
      "Version": "1.8.8",
      "Source": "Repository",
      "Repository": "RSPM",
      "Hash": "e1b9c55281c5adc4dd113652d9e26768",
      "Requirements": []
    },
    "knitr": {
      "Package": "knitr",
      "Version": "1.48",
      "Source": "Repository",
      "Repository": "RSPM",
      "Hash": "acf380f300c721da9fde7df115a5f86f",
      "Requirements": [
        "evaluate",
        "highr",
        "xfun",
        "yaml"
      ]
    },
    "labeling": {
      "Package": "labeling",
      "Version": "0.4.3",
      "Source": "Repository",
      "Repository": "RSPM",
      "Hash": "b64ec208ac5bc1852b285f665d6368b3",
      "Requirements": []
    },
    "lambda.r": {
      "Package": "lambda.r",
      "Version": "1.2.4",
      "Source": "Repository",
      "Repository": "CRAN",
      "Hash": "b1e925c4b9ffeb901bacf812cbe9a6ad",
      "Requirements": [
        "formatR"
      ]
    },
    "lattice": {
      "Package": "lattice",
      "Version": "0.22-6",
      "Source": "Repository",
      "Repository": "CRAN",
      "Hash": "cc5ac1ba4c238c7ca9fa6a87ca11a7e2",
      "Requirements": []
    },
    "lifecycle": {
      "Package": "lifecycle",
      "Version": "1.0.4",
      "Source": "Repository",
      "Repository": "RSPM",
      "Hash": "b8552d117e1b808b09a832f589b79035",
      "Requirements": [
        "cli",
        "glue",
        "rlang"
      ]
    },
    "limma": {
      "Package": "limma",
      "Version": "3.58.1",
      "Source": "Bioconductor",
      "git_url": "https://git.bioconductor.org/packages/limma",
      "git_branch": "RELEASE_3_18",
      "git_last_commit": "27e81a0",
      "git_last_commit_date": "2023-10-30",
      "Hash": "74c3b64358e0be7edc3ecd130816dd3f",
      "Requirements": [
        "statmod"
      ]
    },
    "locfit": {
      "Package": "locfit",
      "Version": "1.5-9.10",
      "Source": "Repository",
      "Repository": "CRAN",
      "Hash": "7d8e0ac914051ca0254332387d9b5816",
      "Requirements": [
        "lattice"
      ]
    },
    "magrittr": {
      "Package": "magrittr",
      "Version": "2.0.3",
      "Source": "Repository",
      "Repository": "RSPM",
      "Hash": "7ce2733a9826b3aeb1775d56fd305472",
      "Requirements": []
    },
    "matrixStats": {
      "Package": "matrixStats",
      "Version": "1.3.0",
      "Source": "Repository",
      "Repository": "CRAN",
      "Hash": "4b3ea27a19d669c0405b38134d89a9d1",
      "Requirements": []
    },
    "memoise": {
      "Package": "memoise",
      "Version": "2.0.1",
      "Source": "Repository",
      "Repository": "RSPM",
      "Hash": "e2817ccf4a065c5d9d7f2cfbe7c1d78c",
      "Requirements": [
        "cachem",
        "rlang"
      ]
    },
    "mgcv": {
      "Package": "mgcv",
      "Version": "1.9-0",
      "Source": "Repository",
      "Repository": "CRAN",
      "Hash": "086028ca0460d0c368028d3bda58f31b",
      "Requirements": [
        "Matrix",
        "nlme"
      ]
    },
    "mime": {
      "Package": "mime",
      "Version": "0.12",
      "Source": "Repository",
      "Repository": "RSPM",
      "Hash": "18e9c28c1d3ca1560ce30658b22ce104",
      "Requirements": []
    },
    "munsell": {
      "Package": "munsell",
      "Version": "0.5.1",
      "Source": "Repository",
      "Repository": "RSPM",
      "Hash": "4fd8900853b746af55b81fda99da7695",
      "Requirements": [
        "colorspace"
      ]
    },
    "nanoarrow": {
      "Package": "nanoarrow",
      "Version": "0.5.0.1",
      "Source": "Repository",
      "Repository": "CRAN",
      "Hash": "07bebcad8e3f4ff410c2c70341524ea2",
      "Requirements": []
    },
    "nanotime": {
      "Package": "nanotime",
      "Version": "0.3.9",
      "Source": "Repository",
      "Repository": "CRAN",
      "Hash": "a91c841ae52fbe54a4e7c3bbfa4b698f",
      "Requirements": [
        "Rcpp",
        "RcppCCTZ",
        "RcppDate",
        "bit64",
        "zoo"
      ]
    },
    "nlme": {
      "Package": "nlme",
      "Version": "3.1-163",
      "Source": "Repository",
      "Repository": "CRAN",
      "Hash": "8d1938040a05566f4f7a14af4feadd6b",
      "Requirements": [
        "lattice"
      ]
    },
    "openssl": {
      "Package": "openssl",
      "Version": "2.2.0",
      "Source": "Repository",
      "Repository": "CRAN",
      "Hash": "2bcca3848e4734eb3b16103bc9aa4b8e",
      "Requirements": [
        "askpass"
      ]
    },
    "pillar": {
      "Package": "pillar",
      "Version": "1.9.0",
      "Source": "Repository",
      "Repository": "RSPM",
      "Hash": "15da5a8412f317beeee6175fbc76f4bb",
      "Requirements": [
        "cli",
        "fansi",
        "glue",
        "lifecycle",
        "rlang",
        "utf8",
        "vctrs"
      ]
    },
    "pkgconfig": {
      "Package": "pkgconfig",
      "Version": "2.0.3",
      "Source": "Repository",
      "Repository": "RSPM",
      "Hash": "01f28d4278f15c76cddbea05899c5d6f",
      "Requirements": []
    },
    "purrr": {
      "Package": "purrr",
      "Version": "1.0.2",
      "Source": "Repository",
      "Repository": "RSPM",
      "Hash": "1cba04a4e9414bdefc9dcaa99649a8dc",
      "Requirements": [
        "cli",
        "lifecycle",
        "magrittr",
        "rlang",
        "vctrs"
      ]
    },
    "rappdirs": {
      "Package": "rappdirs",
      "Version": "0.3.3",
      "Source": "Repository",
      "Repository": "RSPM",
      "Hash": "5e3c5dc0b071b21fa128676560dbe94d",
      "Requirements": []
    },
    "renv": {
      "Package": "renv",
      "Version": "0.16.0",
      "Source": "Repository",
      "Repository": "CRAN",
      "Hash": "c9e8442ab69bc21c9697ecf856c1e6c7",
      "Requirements": []
    },
    "rlang": {
      "Package": "rlang",
      "Version": "1.1.4",
      "Source": "Repository",
      "Repository": "RSPM",
      "Hash": "3eec01f8b1dee337674b2e34ab1f9bc1",
      "Requirements": []
    },
    "rmarkdown": {
      "Package": "rmarkdown",
      "Version": "2.27",
      "Source": "Repository",
      "Repository": "CRAN",
      "Hash": "27f9502e1cdbfa195f94e03b0f517484",
      "Requirements": [
        "bslib",
        "evaluate",
        "fontawesome",
        "htmltools",
        "jquerylib",
        "jsonlite",
        "knitr",
        "tinytex",
        "xfun",
        "yaml"
      ]
    },
    "sass": {
      "Package": "sass",
      "Version": "0.4.9",
      "Source": "Repository",
      "Repository": "CRAN",
      "Hash": "d53dbfddf695303ea4ad66f86e99b95d",
      "Requirements": [
        "R6",
        "fs",
        "htmltools",
        "rappdirs",
        "rlang"
      ]
    },
    "scales": {
      "Package": "scales",
      "Version": "1.3.0",
      "Source": "Repository",
      "Repository": "RSPM",
      "Hash": "c19df082ba346b0ffa6f833e92de34d1",
      "Requirements": [
        "R6",
        "RColorBrewer",
        "cli",
        "farver",
        "glue",
        "labeling",
        "lifecycle",
        "munsell",
        "rlang",
        "viridisLite"
      ]
    },
    "scuttle": {
      "Package": "scuttle",
      "Version": "1.12.0",
      "Source": "Bioconductor",
      "git_url": "https://git.bioconductor.org/packages/scuttle",
      "git_branch": "RELEASE_3_18",
      "git_last_commit": "94dd066",
      "git_last_commit_date": "2023-10-24",
      "Hash": "1412c4b6dfd8de528e1101e493e66a02",
      "Requirements": [
        "BiocGenerics",
        "BiocParallel",
        "DelayedArray",
        "DelayedMatrixStats",
        "GenomicRanges",
        "Matrix",
        "Rcpp",
        "S4Vectors",
        "SingleCellExperiment",
        "SummarizedExperiment",
        "beachmat"
      ]
    },
    "snow": {
      "Package": "snow",
      "Version": "0.4-4",
      "Source": "Repository",
      "Repository": "RSPM",
      "Hash": "40b74690debd20c57d93d8c246b305d4",
      "Requirements": []
    },
    "sparseMatrixStats": {
      "Package": "sparseMatrixStats",
      "Version": "1.14.0",
      "Source": "Bioconductor",
      "git_url": "https://git.bioconductor.org/packages/sparseMatrixStats",
      "git_branch": "RELEASE_3_18",
      "git_last_commit": "2923a3b",
      "git_last_commit_date": "2023-10-24",
      "Hash": "49383d0f6c6152ff7cb594f254c23cc8",
      "Requirements": [
        "Matrix",
        "MatrixGenerics",
        "Rcpp",
        "matrixStats"
      ]
    },
    "spdl": {
      "Package": "spdl",
      "Version": "0.0.5",
      "Source": "Repository",
      "Repository": "CRAN",
      "Hash": "027e6b4b89abc250d1af6bc756a03c17",
      "Requirements": [
        "RcppSpdlog"
      ]
    },
    "statmod": {
      "Package": "statmod",
      "Version": "1.5.0",
      "Source": "Repository",
      "Repository": "CRAN",
      "Hash": "26e158d12052c279bdd4ba858b80fb1f",
      "Requirements": []
    },
    "stringi": {
      "Package": "stringi",
      "Version": "1.8.4",
      "Source": "Repository",
      "Repository": "CRAN",
      "Hash": "39e1144fd75428983dc3f63aa53dfa91",
      "Requirements": []
    },
    "stringr": {
      "Package": "stringr",
      "Version": "1.5.1",
      "Source": "Repository",
      "Repository": "CRAN",
      "Hash": "960e2ae9e09656611e0b8214ad543207",
      "Requirements": [
        "cli",
        "glue",
        "lifecycle",
        "magrittr",
        "rlang",
        "stringi",
        "vctrs"
      ]
    },
    "sys": {
      "Package": "sys",
      "Version": "3.4.2",
      "Source": "Repository",
      "Repository": "CRAN",
      "Hash": "3a1be13d68d47a8cd0bfd74739ca1555",
      "Requirements": []
    },
    "tibble": {
      "Package": "tibble",
      "Version": "3.2.1",
      "Source": "Repository",
      "Repository": "RSPM",
      "Hash": "a84e2cc86d07289b3b6f5069df7a004c",
      "Requirements": [
        "fansi",
        "lifecycle",
        "magrittr",
        "pillar",
        "pkgconfig",
        "rlang",
        "vctrs"
      ]
    },
    "tidyr": {
      "Package": "tidyr",
      "Version": "1.3.1",
      "Source": "Repository",
      "Repository": "RSPM",
      "Hash": "915fb7ce036c22a6a33b5a8adb712eb1",
      "Requirements": [
        "cli",
        "cpp11",
        "dplyr",
        "glue",
        "lifecycle",
        "magrittr",
        "purrr",
        "rlang",
        "stringr",
        "tibble",
        "tidyselect",
        "vctrs"
      ]
    },
    "tidyselect": {
      "Package": "tidyselect",
      "Version": "1.2.1",
      "Source": "Repository",
      "Repository": "RSPM",
      "Hash": "829f27b9c4919c16b593794a6344d6c0",
      "Requirements": [
        "cli",
        "glue",
        "lifecycle",
        "rlang",
        "vctrs",
        "withr"
      ]
    },
    "tiledb": {
      "Package": "tiledb",
      "Version": "0.28.1",
      "Source": "Repository",
      "Repository": "https://chanzuckerberg.r-universe.dev",
      "RemoteUrl": "https://github.com/TileDB-Inc/TileDB-R",
      "RemoteRef": "0.28.1",
      "RemoteSha": "33a75aca6047c7ac0cc589fffb082a53fcdc77dd",
      "Hash": "9e527298f0962bb3e9bfdfa8547feee3",
      "Requirements": [
        "Rcpp",
        "RcppInt64",
        "nanoarrow",
        "nanotime",
        "spdl"
      ]
    },
    "tiledbsoma": {
      "Package": "tiledbsoma",
      "Version": "1.12.3",
      "Source": "Repository",
      "Repository": "https://chanzuckerberg.r-universe.dev",
      "OS_type": "unix",
      "RemoteUrl": "https://github.com/single-cell-data/TileDB-SOMA",
      "RemoteRef": "1.12.3",
      "RemoteSha": "51187e37c8a08e153b1934d9da8d87e7d81e6c67",
      "Hash": "6606fd1540081b49a62a843ab721c441",
      "Requirements": [
        "Matrix",
        "R6",
        "Rcpp",
        "RcppInt64",
        "RcppSpdlog",
        "arrow",
        "bit64",
        "data.table",
        "fs",
        "glue",
        "nanoarrow",
        "rlang",
        "spdl",
        "tibble",
        "tiledb",
        "urltools"
      ]
    },
    "tinytex": {
      "Package": "tinytex",
      "Version": "0.51",
      "Source": "Repository",
      "Repository": "CRAN",
      "Hash": "d44e2fcd2e4e076f0aac540208559d1d",
      "Requirements": [
        "xfun"
      ]
    },
    "triebeard": {
      "Package": "triebeard",
      "Version": "0.4.1",
      "Source": "Repository",
      "Repository": "CRAN",
      "Hash": "642507a148b0dd9b5620177e0a044413",
      "Requirements": [
        "Rcpp"
      ]
    },
    "urltools": {
      "Package": "urltools",
      "Version": "1.7.3",
      "Source": "Repository",
      "Repository": "CRAN",
      "Hash": "e86a704261a105f4703f653e05defa3e",
      "Requirements": [
        "Rcpp",
        "triebeard"
      ]
    },
    "utf8": {
      "Package": "utf8",
      "Version": "1.2.4",
      "Source": "Repository",
      "Repository": "RSPM",
      "Hash": "62b65c52671e6665f803ff02954446e9",
      "Requirements": []
    },
    "vctrs": {
      "Package": "vctrs",
      "Version": "0.6.5",
      "Source": "Repository",
      "Repository": "RSPM",
      "Hash": "c03fa420630029418f7e6da3667aac4a",
      "Requirements": [
        "cli",
        "glue",
        "lifecycle",
        "rlang"
      ]
    },
    "viridisLite": {
      "Package": "viridisLite",
      "Version": "0.4.2",
      "Source": "Repository",
      "Repository": "RSPM",
      "Hash": "c826c7c4241b6fc89ff55aaea3fa7491",
      "Requirements": []
    },
    "withr": {
      "Package": "withr",
      "Version": "3.0.0",
      "Source": "Repository",
      "Repository": "RSPM",
      "Hash": "d31b6c62c10dcf11ec530ca6b0dd5d35",
      "Requirements": []
    },
    "xfun": {
      "Package": "xfun",
      "Version": "0.45",
      "Source": "Repository",
      "Repository": "CRAN",
      "Hash": "ca59c87fe305b16a9141a5874c3a7889",
      "Requirements": []
    },
    "xml2": {
      "Package": "xml2",
      "Version": "1.3.6",
      "Source": "Repository",
      "Repository": "CRAN",
      "Hash": "1d0336142f4cd25d8d23cd3ba7a8fb61",
      "Requirements": [
        "cli",
        "rlang"
      ]
    },
    "yaml": {
      "Package": "yaml",
      "Version": "2.3.9",
      "Source": "Repository",
      "Repository": "RSPM",
      "Hash": "9cb28d11799d93c953f852083d55ee9e",
      "Requirements": []
    },
    "zlibbioc": {
      "Package": "zlibbioc",
      "Version": "1.48.2",
      "Source": "Repository",
      "Repository": "Bioconductor 3.18",
      "git_url": "https://git.bioconductor.org/packages/zlibbioc",
      "git_branch": "RELEASE_3_18",
      "git_last_commit": "260bc44",
      "git_last_commit_date": "2024-03-13",
      "Hash": "2344be62c2da4d9e9942b5d8db346e59",
      "Requirements": []
    },
    "zoo": {
      "Package": "zoo",
      "Version": "1.8-12",
      "Source": "Repository",
      "Repository": "CRAN",
      "Hash": "5c715954112b45499fb1dadc6ee6ee3e",
      "Requirements": [
        "lattice"
      ]
    }
  }
}
